
Microsoft Visual Studio Solution File, Format Version 12.00
# Visual Studio Version 16
VisualStudioVersion = 16.0.28803.202
MinimumVisualStudioVersion = 10.0.40219.1
Project("{FAE04EC0-301F-11D3-BF4B-00C04F79EFBC}") = "SecureWebApp", "SecureWebApp\SecureWebApp.csproj", "{C02AD99E-DE1A-4E18-A818-7CBC2EBDD698}"
EndProject
Global
	GlobalSection(SolutionConfigurationPlatforms) = preSolution
		Debug|Any CPU = Debug|Any CPU
		Release|Any CPU = Release|Any CPU
	EndGlobalSection
	GlobalSection(ProjectConfigurationPlatforms) = postSolution
		{C02AD99E-DE1A-4E18-A818-7CBC2EBDD698}.Debug|Any CPU.ActiveCfg = Debug|Any CPU
		{C02AD99E-DE1A-4E18-A818-7CBC2EBDD698}.Debug|Any CPU.Build.0 = Debug|Any CPU
		{C02AD99E-DE1A-4E18-A818-7CBC2EBDD698}.Release|Any CPU.ActiveCfg = Release|Any CPU
		{C02AD99E-DE1A-4E18-A818-7CBC2EBDD698}.Release|Any CPU.Build.0 = Release|Any CPU
	EndGlobalSection
	GlobalSection(SolutionProperties) = preSolution
		HideSolutionNode = FALSE
	EndGlobalSection
	GlobalSection(ExtensibilityGlobals) = postSolution
		SolutionGuid = {A8B0F399-AC27-43A3-A3C0-42B0AFF79CE9}
	EndGlobalSection
EndGlobal
